cloud.google.com/go v0.25.0 h1:6vD6xZTc8Jo6To8gHxFDRVsMvWFDgY3rugNszcDalN8=
cloud.google.com/go v0.25.0/go.mod h1:aQUYkXzVsufM+DwF1aE+0xfcU+56JwCaLick0ClmMTw=
github.com/Azure/azure-pipeline-go v0.2.3 h1:7U9HBg1JFK3jHl5qmo4CTZKFTVgMwdFHMVtCdfBE21U=
github.com/Azure/azure-pipeline-go v0.2.3/go.mod h1:x841ezTBIMG6O3lAcl8ATHnsOPVl2bqk7S3ta6S6u4k=
github.com/Azure/azure-sdk-for-go v60.1.0+incompatible h1:j6y8ddurcaiyLfwBwPmJFaunp6BDzyQTuAgMrm1r++o=
github.com/Azure/azure-sdk-for-go v60.1.0+incompatible/go.mod h1:9XXNKU+eRnpl9moKnB4QOLf1HestfXbmab5FXxiDBjc=
github.com/Azure/azure-storage-blob-go v0.14.0 h1:1BCg74AmVdYwO3dlKwtFU1V0wU2PZdREkXvAmZJRUlM=
github.com/Azure/azure-storage-blob-go v0.14.0/go.mod h1:SMqIBi+SuiQH32bvyjngEewEeXoPfKMgWlBDaYf6fck=
github.com/Azure/go-autorest v14.2.0+incompatible h1:V5VMDjClD3GiElqLWO7mz2MxNAK/vTfRHdAubSIPRgs=
github.com/Azure/go-autorest v14.2.0+incompatible/go.mod h1:r+4oMnoxhatjLLJ6zxSWATqVooLgysK6ZNox3g/xq24=
github.com/Azure/go-autorest/autorest v0.11.19/go.mod h1:dSiJPy22c3u0OtOKDNttNgqpNFY/GeWa7GH/Pz56QRA=
github.com/Azure/go-autorest/autorest v0.11.23 h1:bRQWsW25/YkoxnIqXMPF94JW33qWDcrPMZ3bINaAruU=
github.com/Azure/go-autorest/autorest v0.11.23/go.mod h1:BAWYUWGPEtKPzjVkp0Q6an0MJcJDsoh5Z1BFAEFs4Xs=
github.com/Azure/go-autorest/autorest/adal v0.9.5/go.mod h1:B7KF7jKIeC9Mct5spmyCB/A8CG/sEz1vwIRGv/bbw7A=
github.com/Azure/go-autorest/autorest/adal v0.9.13/go.mod h1:W/MM4U6nLxnIskrw4UwWzlHfGjwUS50aOsc/I3yuU8M=
github.com/Azure/go-autorest/autorest/adal v0.9.14 h1:G8hexQdV5D4khOXrWG2YuLCFKhWYmWD8bHYaXN5ophk=
github.com/Azure/go-autorest/autorest/adal v0.9.14/go.mod h1:W/MM4U6nLxnIskrw4UwWzlHfGjwUS50aOsc/I3yuU8M=
github.com/Azure/go-autorest/autorest/azure/auth v0.5.9 h1:Y2CgdzitFDsdMwYMzf9LIZWrrTFysqbRc7b94XVVJ78=
github.com/Azure/go-autorest/autorest/azure/auth v0.5.9/go.mod h1:hg3/1yw0Bq87O3KvvnJoAh34/0zbP7SFizX/qN5JvjU=
github.com/Azure/go-autorest/autorest/azure/cli v0.4.2 h1:dMOmEJfkLKW/7JsokJqkyoYSgmR08hi9KrhjZb+JALY=
github.com/Azure/go-autorest/autorest/azure/cli v0.4.2/go.mod h1:7qkJkT+j6b+hIpzMOwPChJhTqS8VbsqqgULzMNRugoM=
github.com/Azure/go-autorest/autorest/date v0.3.0 h1:7gUk1U5M/CQbp9WoqinNzJar+8KY+LPI6wiWrP/myHw=
github.com/Azure/go-autorest/autorest/date v0.3.0/go.mod h1:BI0uouVdmngYNUzGWeSYnokU+TrmwEsOqdt8Y6sso74=
github.com/Azure/go-autorest/autorest/mocks v0.4.1 h1:K0laFcLE6VLTOwNgSxaGbUcLPuGXlNkbVvq4cW4nIHk=
github.com/Azure/go-autorest/autorest/mocks v0.4.1/go.mod h1:LTp+uSrOhSkaKrUy935gNZuuIPPVsHlr9DSOxSayd+k=
github.com/Azure/go-autorest/autorest/to v0.4.0 h1:oXVqrxakqqV1UZdSazDOPOLvOIz+XA683u8EctwboHk=
github.com/Azure/go-autorest/autorest/to v0.4.0/go.mod h1:fE8iZBn7LQR7zH/9XU2NcPR4o9jEImooCeWJcYV/zLE=
github.com/Azure/go-autorest/autorest/validation v0.3.1 h1:AgyqjAd94fwNAoTjl/WQXg4VvFeRFpO+UhNyRXqF1ac=
github.com/Azure/go-autorest/autorest/validation v0.3.1/go.mod h1:yhLgjC0Wda5DYXl6JAsWyUe4KVNffhoDhG0zVzUMo3E=
github.com/Azure/go-autorest/logger v0.2.1 h1:IG7i4p/mDa2Ce4TRyAO8IHnVhAVF3RFU+ZtXWSmf4Tg=
github.com/Azure/go-autorest/logger v0.2.1/go.mod h1:T9E3cAhj2VqvPOtCYAvby9aBXkZmbF5NWuPV8+WeEW8=
github.com/Azure/go-autorest/tracing v0.6.0 h1:TYi4+3m5t6K48TGI9AUdb+IzbnSxvnvUMfuitfgcfuo=
github.com/Azure/go-autorest/tracing v0.6.0/go.mod h1:+vhtPC754Xsa23ID7GlGsrdKBpUA79WCAKPPZVC2DeU=
github.com/aws/aws-sdk-go v1.33.0 h1:Bq5Y6VTLbfnJp1IV8EL/qUU5qO1DYHda/zis/sqevkY=
github.com/aws/aws-sdk-go v1.33.0/go.mod h1:5zCpMtNQVjRREroY7sYe8lOMRSxkhG6MZveU8YkpAk0=
github.com/davecgh/go-spew v1.1.0 h1:ZDRjVQ15GmhC3fiQ8ni8+OwkZQO4DARzQgrnXU1Liz8=
github.com/davecgh/go-spew v1.1.0/go.mod h1:J7Y8YcW2NihsgmVo/mv3lAwl/skON4iLHjSsI+c5H38=
github.com/dimchansky/utfbom v1.1.0/go.mod h1:rO41eb7gLfo8SF1jd9F8HplJm1Fewwi4mQvIirEdv+8=
github.com/dimchansky/utfbom v1.1.1 h1:vV6w1AhK4VMnhBno/TPVCoK9U/LP0PkLCS9tbxHdi/U=
github.com/dimchansky/utfbom v1.1.1/go.mod h1:SxdoEBH5qIqFocHMyGOXVAybYJdr71b1Q/j0mACtrfE=
github.com/form3tech-oss/jwt-go v3.2.2+incompatible h1:TcekIExNqud5crz4xD2pavyTgWiPvpYe4Xau31I0PRk=
github.com/form3tech-oss/jwt-go v3.2.2+incompatible/go.mod h1:pbq4aXjuKjdthFRnoDwaVPLA+WlJuPGy+QneDUgJi2k=
github.com/go-sql-driver/mysql v1.5.0/go.mod h1:DCzpHaOWr8IXmIStZouvnhqoel9Qv2LBy8hT2VhHyBg=
github.com/golang/protobuf v1.2.0 h1:P3YflyNX/ehuJFLhxviNdFxQPkGK5cDcApsge1SqnvM=
github.com/golang/protobuf v1.2.0/go.mod h1:6lQm79b+lXiMfvg/cZm0SGofjICqVBUtrP5yJMmIC1U=
github.com/google/go-querystring v0.0.0-20170111101155-53e6ce116135 h1:zLTLjkaOFEFIOxY5BWLFLwh+cL8vOBW4XJ2aqLE/Tf0=
github.com/google/go-querystring v0.0.0-20170111101155-53e6ce116135/go.mod h1:odCYkC5MyYFN7vkCjXpyrEuKhc/BUO6wN/zVPAxq5ck=
github.com/google/uuid v1.2.0 h1:qJYtXnJRWmpe7m/3XlyhrsLrEURqHRM2kxzoxXqyUDs=
github.com/google/uuid v1.2.0/go.mod h1:TIyPZe4MgqvfeYDBFedMoGGpEw/LqOeaOT+nhxU+yHo=
github.com/jmespath/go-jmespath v0.3.0 h1:OS12ieG61fsCg5+qLJ+SsW9NicxNkg3b25OyT2yCeUc=
github.com/jmespath/go-jmespath v0.3.0/go.mod h1:9QtRXoHjLGCJ5IBSaohpXITPlowMeeYCZ7fLUTSywik=
github.com/kr/pretty v0.2.1 h1:Fmg33tUaq4/8ym9TJN1x7sLJnHVwhP33CNkpYV/7rwI=
github.com/kr/pretty v0.2.1/go.mod h1:ipq/a2n7PKx3OHsz4KJII5eveXtPO4qwEXGdVfWzfnI=
github.com/kr/pty v1.1.1/go.mod h1:pFQYn66WHrOpPYNljwOMqo10TkYh1fy3cYio2l3bCsQ=
github.com/kr/text v0.1.0 h1:45sCR5RtlFHMR4UwH9sdQ5TC8v0qDQCHnXt+kaKSTVE=
github.com/kr/text v0.1.0/go.mod h1:4Jbv+DJW3UT/LiOwJeYQe1efqtUx/iVham/4vfdArNI=
github.com/mattn/go-ieproxy v0.0.1 h1:qiyop7gCflfhwCzGyeT0gro3sF9AIg9HU98JORTkqfI=
github.com/mattn/go-ieproxy v0.0.1/go.mod h1:pYabZ6IHcRpFh7vIaLfK7rdcWgFEb3SFJ6/gNWuh88E=
github.com/mitchellh/go-homedir v1.1.0 h1:lukF9ziXFxDFPkA1vsr5zpc1XuPDn/wFntq5mG+4E0Y=
github.com/mitchellh/go-homedir v1.1.0/go.mod h1:SfyaCUpYCn1Vlf4IUYiD9fPX4A5wJrkLzIz1N1q0pr0=
github.com/pkg/errors v0.9.1 h1:FEBLx1zS214owpjy7qsBeixbURkuhQAwrK5UwLGTwt4=
github.com/pkg/errors v0.9.1/go.mod h1:bwawxfHBFNV+L2hUp1rHADufV3IMtnDRdf1r5NINEl0=
github.com/pmezard/go-difflib v1.0.0 h1:4DBwDE0NGyQoBHbLQYPwSUPoCMWR5BEzIk/f1lZbAQM=
github.com/pmezard/go-difflib v1.0.0/go.mod h1:iKH77koFhYxTK1pcRnkKkqfTogsbg7gZNVY4sRDYZ/4=
github.com/sirupsen/logrus v1.0.5 h1:8c8b5uO0zS4X6RPl/sd1ENwSkIc0/H2PaHxE3udaE8I=
github.com/sirupsen/logrus v1.0.5/go.mod h1:pMByvHTf9Beacp5x1UXfOR9xyW/9antXMhjMPG0dEzc=
github.com/stretchr/objx v0.1.0/go.mod h1:HFkY916IF+rwdDfMAkV7OtwuqBVzrE8GR6GFx+wExME=
github.com/stretchr/testify v1.3.0/go.mod h1:M5WIy9Dh21IEIfnGCwXGc5bZfKNJtfHm1UVUgZn+9EI=
github.com/stretchr/testify v1.5.1 h1:nOGnQDM7FYENwehXlg/kFVnos3rEvtKTjRvOWSzb6H4=
github.com/stretchr/testify v1.5.1/go.mod h1:5W2xD1RspED5o8YsWQXVCued0rvSQ+mT+I5cxcmMvtA=
github.com/tbruyelle/hipchat-go v0.0.0-20160921153256-749fb9e14beb h1:mb7xv0kx9XpGsLy5kCCa6+3HqSj495cEBQNMgljqZ48=
github.com/tbruyelle/hipchat-go v0.0.0-20160921153256-749fb9e14beb/go.mod h1:CJEWrlDz1qHCF/nywogFd3AqHUWbKCdpu9pSAdf1OzY=
golang.org/x/crypto v0.0.0-20190308221718-c2843e01d9a2/go.mod h1:djNgcEr1/C05ACkg1iLfiJU5Ep61QUkGW8qpdssI0+w=
golang.org/x/crypto v0.0.0-20201002170205-7f63de1d35b0/go.mod h1:LzIPMQfyMNhhGPhUkYOs5KpL4U8rLKemX1yGLhDgUto=
golang.org/x/crypto v0.0.0-20210921155107-089bfa567519 h1:7I4JAnoQBe7ZtJcBaYHi5UtiO8tQHbUSXxL+pnGRANg=
golang.org/x/crypto v0.0.0-20210921155107-089bfa567519/go.mod h1:GvvjBRRGRdwPK5ydBHafDWAxML/pGHZbMvKqRZ5+Abc=
golang.org/x/net v0.0.0-20190404232315-eb5bcb51f2a3/go.mod h1:t9HGtf8HONx5eT2rtn7q6eTqICYqUVnKs3thJo3Qplg=
golang.org/x/net v0.0.0-20191112182307-2180aed22343/go.mod h1:z5CRVTTTmAJ677TzLLGU+0bjPO0LkuOLi4/5GtJWs/s=
golang.org/x/net v0.0.0-20200202094626-16171245cfb2/go.mod h1:z5CRVTTTmAJ677TzLLGU+0bjPO0LkuOLi4/5GtJWs/s=
golang.org/x/net v0.0.0-20210226172049-e18ecbb05110 h1:qWPm9rbaAMKs8Bq/9LRpbMqxWRVUAQwMI9fVrssnTfw=
golang.org/x/net v0.0.0-20210226172049-e18ecbb05110/go.mod h1:m0MpNAwzfU5UDzcl9v0D8zg8gWTRqZa9RBIspLL5mdg=
golang.org/x/oauth2 v0.0.0-20180620175406-ef147856a6dd h1:QQhib242ErYDSMitlBm8V7wYCm/1a25hV8qMadIKLPA=
golang.org/x/oauth2 v0.0.0-20180620175406-ef147856a6dd/go.mod h1:N/0e6XlmueqKjAGxoOufVs8QHGRruUQn6yWY3a++T0U=
golang.org/x/sync v0.0.0-20190911185100-cd5d95a43a6e h1:vcxGaoTs7kV8m5Np9uUNQin4BrLOthgV7252N8V+FwY=
golang.org/x/sync v0.0.0-20190911185100-cd5d95a43a6e/go.mod h1:RxMgew5VJxzue5/jJTE5uejpjVlOe/izrB70Jof72aM=
golang.org/x/sys v0.0.0-20190215142949-d0b11bdaac8a/go.mod h1:STP8DvDyc/dI5b8T5hshtkjS+E42TnysNCUPdjciGhY=
golang.org/x/sys v0.0.0-20190412213103-97732733099d/go.mod h1:h1NjWce9XRLGQEsW7wpKNCjG9DtNlClVuFLEZdDNbEs=
golang.org/x/sys v0.0.0-20191112214154-59a1497f0cea/go.mod h1:h1NjWce9XRLGQEsW7wpKNCjG9DtNlClVuFLEZdDNbEs=
golang.org/x/sys v0.0.0-20200828194041-157a740278f4/go.mod h1:h1NjWce9XRLGQEsW7wpKNCjG9DtNlClVuFLEZdDNbEs=
golang.org/x/sys v0.0.0-20201119102817-f84b799fce68/go.mod h1:h1NjWce9XRLGQEsW7wpKNCjG9DtNlClVuFLEZdDNbEs=
golang.org/x/sys v0.0.0-20210615035016-665e8c7367d1 h1:SrN+KX8Art/Sf4HNj6Zcz06G7VEz+7w9tdXTPOZ7+l4=
golang.org/x/sys v0.0.0-20210615035016-665e8c7367d1/go.mod h1:oPkhp1MJrh7nUepCBck5+mAzfO9JrbApNNgaTdGDITg=
golang.org/x/term v0.0.0-20201126162022-7de9c90e9dd1 h1:v+OssWQX+hTHEmOBgwxdZxK4zHq3yOs8F9J7mk0PY8E=
golang.org/x/term v0.0.0-20201126162022-7de9c90e9dd1/go.mod h1:bj7SfCRtBDWHUb9snDiAeCFNEtKQo2Wmx5Cou7ajbmo=
golang.org/x/text v0.3.0/go.mod h1:NqM8EUOU14njkJ3fqMW+pc6Ldnwhi/IjpwHt7yyuwOQ=
golang.org/x/text v0.3.2/go.mod h1:bEr9sfX3Q8Zfm5fL9x+3itogRgK3+ptLWKqgva+5dAk=
golang.org/x/text v0.3.3 h1:cokOdA+Jmi5PJGXLlLllQSgYigAEfHXJAERHVMaCc2k=
golang.org/x/text v0.3.3/go.mod h1:5Zoc/QRtKVWzQhOtBMvqHzDpF6irO9z98xDceosuGiQ=
golang.org/x/time v0.0.0-20220411224347-583f2d630306 h1:+gHMid33q6pen7kv9xvT+JRinntgeXO2AeZVd0AWD3w=
golang.org/x/time v0.0.0-20220411224347-583f2d630306/go.mod h1:tRJNPiyCQ0inRvYxbN9jk5I+vvW/OXSQhTDSoE431IQ=
golang.org/x/tools v0.0.0-20180917221912-90fa682c2a6e/go.mod h1:n7NCudcB/nEzxVGmLbDWY5pfWTLqBcC2KZ6jyYvM4mQ=
google.golang.org/api v0.0.0-20180717000714-0025a57598c0 h1:H82u+VsvfY63/uydrxjj2DpwjFvroE43qWaIzpa2Xik=
google.golang.org/api v0.0.0-20180717000714-0025a57598c0/go.mod h1:4mhQ8q/RsB7i+udVvVy5NUi08OU8ZlA0gRVgrF7VFY0=
google.golang.org/appengine v1.1.0 h1:igQkv0AAhEIvTEpD5LIpAfav2eeVO9HBTjvKHVJPRSs=
google.golang.org/appengine v1.1.0/go.mod h1:EbEs0AVv82hx2wNQdGPgUI5lhzA/G0D9YwlJXL52JkM=
gopkg.in/airbrake/gobrake.v2 v2.0.9 h1:7z2uVWwn7oVeeugY1DtlPAy5H+KYgB1KeKTnqjNatLo=
gopkg.in/airbrake/gobrake.v2 v2.0.9/go.mod h1:/h5ZAUhDkGaJfjzjKLSjv6zCL6O0LLBxU4K+aSYdM/U=
gopkg.in/check.v1 v0.0.0-20161208181325-20d25e280405/go.mod h1:Co6ibVJAznAaIkqp8huTwlJQCZ016jof/cbN4VW5Yz0=
gopkg.in/check.v1 v1.0.0-20201130134442-10cb98267c6c h1:Hei/4ADfdWqJk1ZMxUNpqntNwaWcugrBjAiHlqqRiVk=
gopkg.in/check.v1 v1.0.0-20201130134442-10cb98267c6c/go.mod h1:JHkPIbrfpd72SG/EVd6muEfDQjcINNoR0C8j2r3qZ4Q=
gopkg.in/gemnasium/logrus-airbrake-hook.v2 v2.1.2 h1:OAj3g0cR6Dx/R07QgQe8wkA9RNjB2u4i700xBkIT4e0=
gopkg.in/gemnasium/logrus-airbrake-hook.v2 v2.1.2/go.mod h1:Xk6kEKp8OKb+X14hQBKWaSkCsqBpgog8nAV2xsGOxlo=
gopkg.in/yaml.v2 v2.2.2 h1:ZCJp+EgiOT7lHqUV2J862kp8Qj64Jo6az82+3Td9dZw=
gopkg.in/yaml.v2 v2.2.2/go.mod h1:hI93XBmqTisBFMUTm0b8Fm+jr3Dg1NNxqwp+5A1VGuI=
